
Microsoft Visual Studio Solution File, Format Version 12.00
# Visual Studio Version 17
VisualStudioVersion = 17.14.36401.2 d17.14
MinimumVisualStudioVersion = 10.0.40219.1
Project("{FAE04EC0-301F-11D3-BF4B-00C04F79EFBC}") = "Chuong3-bai2-dayso", "Chuong3-bai2-dayso\Chuong3-bai2-dayso.csproj", "{1FDA2082-1051-4826-A2D6-EA0FBC590450}"
EndProject
Global
	GlobalSection(SolutionConfigurationPlatforms) = preSolution
		Debug|Any CPU = Debug|Any CPU
		Release|Any CPU = Release|Any CPU
	EndGlobalSection
	GlobalSection(ProjectConfigurationPlatforms) = postSolution
		{1FDA2082-1051-4826-A2D6-EA0FBC590450}.Debug|Any CPU.ActiveCfg = Debug|Any CPU
		{1FDA2082-1051-4826-A2D6-EA0FBC590450}.Debug|Any CPU.Build.0 = Debug|Any CPU
		{1FDA2082-1051-4826-A2D6-EA0FBC590450}.Release|Any CPU.ActiveCfg = Release|Any CPU
		{1FDA2082-1051-4826-A2D6-EA0FBC590450}.Release|Any CPU.Build.0 = Release|Any CPU
	EndGlobalSection
	GlobalSection(SolutionProperties) = preSolution
		HideSolutionNode = FALSE
	EndGlobalSection
	GlobalSection(ExtensibilityGlobals) = postSolution
		SolutionGuid = {00AD7E94-FABD-4684-8033-E3F96E33F630}
	EndGlobalSection
EndGlobal
