
Microsoft Visual Studio Solution File, Format Version 12.00
# Visual Studio Version 17
VisualStudioVersion = 17.14.36401.2 d17.14
MinimumVisualStudioVersion = 10.0.40219.1
Project("{FAE04EC0-301F-11D3-BF4B-00C04F79EFBC}") = "TH4-banhang", "TH4-banhang\TH4-banhang.csproj", "{D985FB3A-A3F6-4B8C-B524-5A47AD1872B2}"
EndProject
Global
	GlobalSection(SolutionConfigurationPlatforms) = preSolution
		Debug|Any CPU = Debug|Any CPU
		Release|Any CPU = Release|Any CPU
	EndGlobalSection
	GlobalSection(ProjectConfigurationPlatforms) = postSolution
		{D985FB3A-A3F6-4B8C-B524-5A47AD1872B2}.Debug|Any CPU.ActiveCfg = Debug|Any CPU
		{D985FB3A-A3F6-4B8C-B524-5A47AD1872B2}.Debug|Any CPU.Build.0 = Debug|Any CPU
		{D985FB3A-A3F6-4B8C-B524-5A47AD1872B2}.Release|Any CPU.ActiveCfg = Release|Any CPU
		{D985FB3A-A3F6-4B8C-B524-5A47AD1872B2}.Release|Any CPU.Build.0 = Release|Any CPU
	EndGlobalSection
	GlobalSection(SolutionProperties) = preSolution
		HideSolutionNode = FALSE
	EndGlobalSection
	GlobalSection(ExtensibilityGlobals) = postSolution
		SolutionGuid = {ABD88D92-EC31-4EF9-B4A8-7CCDB3F6DF53}
	EndGlobalSection
EndGlobal
