
Microsoft Visual Studio Solution File, Format Version 12.00
# Visual Studio Version 17
VisualStudioVersion = 17.14.36401.2 d17.14
MinimumVisualStudioVersion = 10.0.40219.1
Project("{FAE04EC0-301F-11D3-BF4B-00C04F79EFBC}") = "Chuong3-CapitalCountry", "Chuong3-CapitalCountry\Chuong3-CapitalCountry.csproj", "{968B7518-B060-4571-B68D-06AE6B37D715}"
EndProject
Global
	GlobalSection(SolutionConfigurationPlatforms) = preSolution
		Debug|Any CPU = Debug|Any CPU
		Release|Any CPU = Release|Any CPU
	EndGlobalSection
	GlobalSection(ProjectConfigurationPlatforms) = postSolution
		{968B7518-B060-4571-B68D-06AE6B37D715}.Debug|Any CPU.ActiveCfg = Debug|Any CPU
		{968B7518-B060-4571-B68D-06AE6B37D715}.Debug|Any CPU.Build.0 = Debug|Any CPU
		{968B7518-B060-4571-B68D-06AE6B37D715}.Release|Any CPU.ActiveCfg = Release|Any CPU
		{968B7518-B060-4571-B68D-06AE6B37D715}.Release|Any CPU.Build.0 = Release|Any CPU
	EndGlobalSection
	GlobalSection(SolutionProperties) = preSolution
		HideSolutionNode = FALSE
	EndGlobalSection
	GlobalSection(ExtensibilityGlobals) = postSolution
		SolutionGuid = {FF3813CD-85BA-490C-B621-DBED662BDDF1}
	EndGlobalSection
EndGlobal
