
Microsoft Visual Studio Solution File, Format Version 12.00
# Visual Studio Version 17
VisualStudioVersion = 17.14.36401.2 d17.14
MinimumVisualStudioVersion = 10.0.40219.1
Project("{FAE04EC0-301F-11D3-BF4B-00C04F79EFBC}") = "Chuong3-bai14-dongchuchuyendong", "Chuong3-bai14-dongchuchuyendong\Chuong3-bai14-dongchuchuyendong.csproj", "{2B54F9B7-E113-4B7B-8E1F-A6B104FA27C4}"
EndProject
Global
	GlobalSection(SolutionConfigurationPlatforms) = preSolution
		Debug|Any CPU = Debug|Any CPU
		Release|Any CPU = Release|Any CPU
	EndGlobalSection
	GlobalSection(ProjectConfigurationPlatforms) = postSolution
		{2B54F9B7-E113-4B7B-8E1F-A6B104FA27C4}.Debug|Any CPU.ActiveCfg = Debug|Any CPU
		{2B54F9B7-E113-4B7B-8E1F-A6B104FA27C4}.Debug|Any CPU.Build.0 = Debug|Any CPU
		{2B54F9B7-E113-4B7B-8E1F-A6B104FA27C4}.Release|Any CPU.ActiveCfg = Release|Any CPU
		{2B54F9B7-E113-4B7B-8E1F-A6B104FA27C4}.Release|Any CPU.Build.0 = Release|Any CPU
	EndGlobalSection
	GlobalSection(SolutionProperties) = preSolution
		HideSolutionNode = FALSE
	EndGlobalSection
	GlobalSection(ExtensibilityGlobals) = postSolution
		SolutionGuid = {D6E71D62-E1B8-4C0B-8A09-417C8B187D66}
	EndGlobalSection
EndGlobal
