
Microsoft Visual Studio Solution File, Format Version 12.00
# Visual Studio Version 17
VisualStudioVersion = 17.14.36401.2 d17.14
MinimumVisualStudioVersion = 10.0.40219.1
Project("{FAE04EC0-301F-11D3-BF4B-00C04F79EFBC}") = "de01", "de01\de01.csproj", "{F954DF40-8182-44F2-8BC5-E021FD9871AB}"
EndProject
Global
	GlobalSection(SolutionConfigurationPlatforms) = preSolution
		Debug|Any CPU = Debug|Any CPU
		Release|Any CPU = Release|Any CPU
	EndGlobalSection
	GlobalSection(ProjectConfigurationPlatforms) = postSolution
		{F954DF40-8182-44F2-8BC5-E021FD9871AB}.Debug|Any CPU.ActiveCfg = Debug|Any CPU
		{F954DF40-8182-44F2-8BC5-E021FD9871AB}.Debug|Any CPU.Build.0 = Debug|Any CPU
		{F954DF40-8182-44F2-8BC5-E021FD9871AB}.Release|Any CPU.ActiveCfg = Release|Any CPU
		{F954DF40-8182-44F2-8BC5-E021FD9871AB}.Release|Any CPU.Build.0 = Release|Any CPU
	EndGlobalSection
	GlobalSection(SolutionProperties) = preSolution
		HideSolutionNode = FALSE
	EndGlobalSection
	GlobalSection(ExtensibilityGlobals) = postSolution
		SolutionGuid = {5C2BCFF5-84D9-4A99-AAE9-0A1ECDDDCAB7}
	EndGlobalSection
EndGlobal
