
Microsoft Visual Studio Solution File, Format Version 12.00
# Visual Studio Version 17
VisualStudioVersion = 17.14.36401.2 d17.14
MinimumVisualStudioVersion = 10.0.40219.1
Project("{FAE04EC0-301F-11D3-BF4B-00C04F79EFBC}") = "ktragiuaki", "ktragiuaki\ktragiuaki.csproj", "{D96E68AE-0C91-4357-BBDE-45ECF1665255}"
EndProject
Global
	GlobalSection(SolutionConfigurationPlatforms) = preSolution
		Debug|Any CPU = Debug|Any CPU
		Release|Any CPU = Release|Any CPU
	EndGlobalSection
	GlobalSection(ProjectConfigurationPlatforms) = postSolution
		{D96E68AE-0C91-4357-BBDE-45ECF1665255}.Debug|Any CPU.ActiveCfg = Debug|Any CPU
		{D96E68AE-0C91-4357-BBDE-45ECF1665255}.Debug|Any CPU.Build.0 = Debug|Any CPU
		{D96E68AE-0C91-4357-BBDE-45ECF1665255}.Release|Any CPU.ActiveCfg = Release|Any CPU
		{D96E68AE-0C91-4357-BBDE-45ECF1665255}.Release|Any CPU.Build.0 = Release|Any CPU
	EndGlobalSection
	GlobalSection(SolutionProperties) = preSolution
		HideSolutionNode = FALSE
	EndGlobalSection
	GlobalSection(ExtensibilityGlobals) = postSolution
		SolutionGuid = {FA38B3FC-AA1B-4454-9A9D-59C12F177738}
	EndGlobalSection
EndGlobal
