
Microsoft Visual Studio Solution File, Format Version 12.00
# Visual Studio Version 17
VisualStudioVersion = 17.14.36401.2 d17.14
MinimumVisualStudioVersion = 10.0.40219.1
Project("{FAE04EC0-301F-11D3-BF4B-00C04F79EFBC}") = "Bai3-phuongtrinh", "Bai3-phuongtrinh\Bai3-phuongtrinh.csproj", "{2B46A882-1138-488D-B056-2D4235643BF7}"
EndProject
Global
	GlobalSection(SolutionConfigurationPlatforms) = preSolution
		Debug|Any CPU = Debug|Any CPU
		Release|Any CPU = Release|Any CPU
	EndGlobalSection
	GlobalSection(ProjectConfigurationPlatforms) = postSolution
		{2B46A882-1138-488D-B056-2D4235643BF7}.Debug|Any CPU.ActiveCfg = Debug|Any CPU
		{2B46A882-1138-488D-B056-2D4235643BF7}.Debug|Any CPU.Build.0 = Debug|Any CPU
		{2B46A882-1138-488D-B056-2D4235643BF7}.Release|Any CPU.ActiveCfg = Release|Any CPU
		{2B46A882-1138-488D-B056-2D4235643BF7}.Release|Any CPU.Build.0 = Release|Any CPU
	EndGlobalSection
	GlobalSection(SolutionProperties) = preSolution
		HideSolutionNode = FALSE
	EndGlobalSection
	GlobalSection(ExtensibilityGlobals) = postSolution
		SolutionGuid = {C2760112-97B9-45C7-8D92-B05C609616A5}
	EndGlobalSection
EndGlobal
