
Microsoft Visual Studio Solution File, Format Version 12.00
# Visual Studio Version 17
VisualStudioVersion = 17.14.36401.2 d17.14
MinimumVisualStudioVersion = 10.0.40219.1
Project("{FAE04EC0-301F-11D3-BF4B-00C04F79EFBC}") = "Chuong3-bai13-doimaunen", "Chuong3-bai13-doimaunen\Chuong3-bai13-doimaunen.csproj", "{CCC7551B-9D2E-482D-868A-EF7DD7D04A82}"
EndProject
Global
	GlobalSection(SolutionConfigurationPlatforms) = preSolution
		Debug|Any CPU = Debug|Any CPU
		Release|Any CPU = Release|Any CPU
	EndGlobalSection
	GlobalSection(ProjectConfigurationPlatforms) = postSolution
		{CCC7551B-9D2E-482D-868A-EF7DD7D04A82}.Debug|Any CPU.ActiveCfg = Debug|Any CPU
		{CCC7551B-9D2E-482D-868A-EF7DD7D04A82}.Debug|Any CPU.Build.0 = Debug|Any CPU
		{CCC7551B-9D2E-482D-868A-EF7DD7D04A82}.Release|Any CPU.ActiveCfg = Release|Any CPU
		{CCC7551B-9D2E-482D-868A-EF7DD7D04A82}.Release|Any CPU.Build.0 = Release|Any CPU
	EndGlobalSection
	GlobalSection(SolutionProperties) = preSolution
		HideSolutionNode = FALSE
	EndGlobalSection
	GlobalSection(ExtensibilityGlobals) = postSolution
		SolutionGuid = {22528835-EE4E-4E7F-86DE-2DA855CA3AB7}
	EndGlobalSection
EndGlobal
