
Microsoft Visual Studio Solution File, Format Version 12.00
# Visual Studio Version 17
VisualStudioVersion = 17.14.36401.2 d17.14
MinimumVisualStudioVersion = 10.0.40219.1
Project("{FAE04EC0-301F-11D3-BF4B-00C04F79EFBC}") = "Bai1c-thuexe", "Bai1c-thuexe\Bai1c-thuexe.csproj", "{3615F447-5A68-4D12-952F-5B0CD46396A7}"
EndProject
Global
	GlobalSection(SolutionConfigurationPlatforms) = preSolution
		Debug|Any CPU = Debug|Any CPU
		Release|Any CPU = Release|Any CPU
	EndGlobalSection
	GlobalSection(ProjectConfigurationPlatforms) = postSolution
		{3615F447-5A68-4D12-952F-5B0CD46396A7}.Debug|Any CPU.ActiveCfg = Debug|Any CPU
		{3615F447-5A68-4D12-952F-5B0CD46396A7}.Debug|Any CPU.Build.0 = Debug|Any CPU
		{3615F447-5A68-4D12-952F-5B0CD46396A7}.Release|Any CPU.ActiveCfg = Release|Any CPU
		{3615F447-5A68-4D12-952F-5B0CD46396A7}.Release|Any CPU.Build.0 = Release|Any CPU
	EndGlobalSection
	GlobalSection(SolutionProperties) = preSolution
		HideSolutionNode = FALSE
	EndGlobalSection
	GlobalSection(ExtensibilityGlobals) = postSolution
		SolutionGuid = {6516ADA7-8A3E-415E-A132-D46F2F2CB834}
	EndGlobalSection
EndGlobal
