
Microsoft Visual Studio Solution File, Format Version 12.00
# Visual Studio Version 17
VisualStudioVersion = 17.14.36401.2 d17.14
MinimumVisualStudioVersion = 10.0.40219.1
Project("{FAE04EC0-301F-11D3-BF4B-00C04F79EFBC}") = "Chuong5-onclass", "Chuong5-onclass\Chuong5-onclass.csproj", "{D6EDAEE0-F44F-4EC2-A6D9-A2C8F16AF039}"
EndProject
Global
	GlobalSection(SolutionConfigurationPlatforms) = preSolution
		Debug|Any CPU = Debug|Any CPU
		Release|Any CPU = Release|Any CPU
	EndGlobalSection
	GlobalSection(ProjectConfigurationPlatforms) = postSolution
		{D6EDAEE0-F44F-4EC2-A6D9-A2C8F16AF039}.Debug|Any CPU.ActiveCfg = Debug|Any CPU
		{D6EDAEE0-F44F-4EC2-A6D9-A2C8F16AF039}.Debug|Any CPU.Build.0 = Debug|Any CPU
		{D6EDAEE0-F44F-4EC2-A6D9-A2C8F16AF039}.Release|Any CPU.ActiveCfg = Release|Any CPU
		{D6EDAEE0-F44F-4EC2-A6D9-A2C8F16AF039}.Release|Any CPU.Build.0 = Release|Any CPU
	EndGlobalSection
	GlobalSection(SolutionProperties) = preSolution
		HideSolutionNode = FALSE
	EndGlobalSection
	GlobalSection(ExtensibilityGlobals) = postSolution
		SolutionGuid = {60F1B12B-CF64-4896-9551-50716F1E8F96}
	EndGlobalSection
EndGlobal
