
Microsoft Visual Studio Solution File, Format Version 12.00
# Visual Studio Version 17
VisualStudioVersion = 17.14.36401.2 d17.14
MinimumVisualStudioVersion = 10.0.40219.1
Project("{FAE04EC0-301F-11D3-BF4B-00C04F79EFBC}") = "Chuong4-demo", "Chuong4-demo\Chuong4-demo.csproj", "{EC8422A5-D55D-488C-B774-1160E56A8308}"
EndProject
Global
	GlobalSection(SolutionConfigurationPlatforms) = preSolution
		Debug|Any CPU = Debug|Any CPU
		Release|Any CPU = Release|Any CPU
	EndGlobalSection
	GlobalSection(ProjectConfigurationPlatforms) = postSolution
		{EC8422A5-D55D-488C-B774-1160E56A8308}.Debug|Any CPU.ActiveCfg = Debug|Any CPU
		{EC8422A5-D55D-488C-B774-1160E56A8308}.Debug|Any CPU.Build.0 = Debug|Any CPU
		{EC8422A5-D55D-488C-B774-1160E56A8308}.Release|Any CPU.ActiveCfg = Release|Any CPU
		{EC8422A5-D55D-488C-B774-1160E56A8308}.Release|Any CPU.Build.0 = Release|Any CPU
	EndGlobalSection
	GlobalSection(SolutionProperties) = preSolution
		HideSolutionNode = FALSE
	EndGlobalSection
	GlobalSection(ExtensibilityGlobals) = postSolution
		SolutionGuid = {BFC5E6E2-D25E-440D-BAC7-CCDCFFC8FD85}
	EndGlobalSection
EndGlobal
